PODS:
  - Alamofire (5.0.0-rc.2)
  - AlamofireObjectMapper (6.2.0):
    - Alamofire (= 5.0.0-rc.2)
    - ObjectMapper (~> 3.5.1)
  - lottie-ios (3.4.1)
  - ObjectMapper (3.5.3)
  - Realm (10.28.3):
    - Realm/Headers (= 10.28.3)
  - Realm/Headers (10.28.3)
  - RealmSwift (10.28.3):
    - Realm (= 10.28.3)
  - SDWebImage (5.13.2):
    - SDWebImage/Core (= 5.13.2)
  - SDWebImage/Core (5.13.2)

DEPENDENCIES:
  - Alamofire
  - AlamofireObjectMapper
  - lottie-ios
  - RealmSwift (~> 10)
  - SDWebImage (~> 5.0)

SPEC REPOS:
  trunk:
    - Alamofire
    - AlamofireObjectMapper
    - lottie-ios
    - ObjectMapper
    - Realm
    - RealmSwift
    - SDWebImage

SPEC CHECKSUMS:
  Alamofire: f9450d3c7f6bea2ad62e7a541c3e9b186c7991d6
  AlamofireObjectMapper: 74d1440c92c42bbcc2b5f4dc81654ac095ec669f
  lottie-ios: 016449b5d8be0c3dcbcfa0a9988469999cd04c5d
  ObjectMapper: 97111c97e054a6ee25917662106689f0b4127b37
  Realm: 64e66568d981de2496f81ecab2e1372b27dc7d58
  RealmSwift: 29bcda3a1fa5613b358bd7ec638f5e12afc89c3a
  SDWebImage: 72f86271a6f3139cc7e4a89220946489d4b9a866

PODFILE CHECKSUM: 1692419cfaeee3434f589104622be11edcdd022a

COCOAPODS: 1.11.2
